// !$*UTF8*$!
{
	archiveVersion = 1;
	classes = {
	};
	objectVersion = 46;
	objects = {

/* Begin PBXBuildFile section */
		C3438F771EA3A93000BFB7BF /* main.m in Sources */ = {isa = PBXBuildFile; fileRef = C3438F761EA3A93000BFB7BF /* main.m */; };
		C3438F7A1EA3A93000BFB7BF /* AppDelegate.m in Sources */ = {isa = PBXBuildFile; fileRef = C3438F791EA3A93000BFB7BF /* AppDelegate.m */; };
		C3438F7D1EA3A93000BFB7BF /* ViewController.m in Sources */ = {isa = PBXBuildFile; fileRef = C3438F7C1EA3A93000BFB7BF /* ViewController.m */; };
		C3438F801EA3A93000BFB7BF /* Main.storyboard in Resources */ = {isa = PBXBuildFile; fileRef = C3438F7E1EA3A93000BFB7BF /* Main.storyboard */; };
		C3438F821EA3A93000BFB7BF /* Assets.xcassets in Resources */ = {isa = PBXBuildFile; fileRef = C3438F811EA3A93000BFB7BF /* Assets.xcassets */; };
		C3438F851EA3A93000BFB7BF /* LaunchScreen.storyboard in Resources */ = {isa = PBXBuildFile; fileRef = C3438F831EA3A93000BFB7BF /* LaunchScreen.storyboard */; };
/* End PBXBuildFile section */

/* Begin PBXFileReference section */
		C3438F721EA3A93000BFB7BF /* KlavarTutorials.app */ = {isa = PBXFileReference; explicitFileType = wrapper.application; includeInIndex = 0; path = KlavarTutorials.app; sourceTree = BUILT_PRODUCTS_DIR; };
		C3438F761EA3A93000BFB7BF /* main.m */ = {isa = PBXFileReference; lastKnownFileType = sourcecode.c.objc; path = main.m; sourceTree = "<group>"; };
		C3438F781EA3A93000BFB7BF /* AppDelegate.h */ = {isa = PBXFileReference; lastKnownFileType = sourcecode.c.h; path = AppDelegate.h; sourceTree = "<group>"; };
		C3438F791EA3A93000BFB7BF /* AppDelegate.m */ = {isa = PBXFileReference; lastKnownFileType = sourcecode.c.objc; path = AppDelegate.m; sourceTree = "<group>"; };
		C3438F7B1EA3A93000BFB7BF /* ViewController.h */ = {isa = PBXFileReference; lastKnownFileType = sourcecode.c.h; path = ViewController.h; sourceTree = "<group>"; };
		C3438F7C1EA3A93000BFB7BF /* ViewController.m */ = {isa = PBXFileReference; lastKnownFileType = sourcecode.c.objc; path = ViewController.m; sourceTree = "<group>"; };
		C3438F7F1EA3A93000BFB7BF /* Base */ = {isa = PBXFileReference; lastKnownFileType = file.storyboard; name = Base; path = Base.lproj/Main.storyboard; sourceTree = "<group>"; };
		C3438F811EA3A93000BFB7BF /* Assets.xcassets */ = {isa = PBXFileReference; lastKnownFileType = folder.assetcatalog; path = Assets.xcassets; sourceTree = "<group>"; };
		C3438F841EA3A93000BFB7BF /* Base */ = {isa = PBXFileReference; lastKnownFileType = file.storyboard; name = Base; path = Base.lproj/LaunchScreen.storyboard; sourceTree = "<group>"; };
		C3438F861EA3A93000BFB7BF /* Info.plist */ = {isa = PBXFileReference; lastKnownFileType = text.plist.xml; path = Info.plist; sourceTree = "<group>"; };
/* End PBXFileReference section */

/* Begin PBXFrameworksBuildPhase section */
		C3438F6F1EA3A93000BFB7BF /* Frameworks */ = {
			isa = PBXFrameworksBuildPhase;
			buildActionMask = 2147483647;
			files = (
			);
			runOnlyForDeploymentPostprocessing = 0;
		};
/* End PBXFrameworksBuildPhase section */

/* Begin PBXGroup section */
		C3438F691EA3A93000BFB7BF = {
			isa = PBXGroup;
			children = (
				C3438F741EA3A93000BFB7BF /* KlavarTutorials */,
				C3438F731EA3A93000BFB7BF /* Products */,
			);
			sourceTree = "<group>";
		};
		C3438F731EA3A93000BFB7BF /* Products */ = {
			isa = PBXGroup;
			children = (
				C3438F721EA3A93000BFB7BF /* KlavarTutorials.app */,
			);
			name = Products;
			sourceTree = "<group>";
		};
		C3438F741EA3A93000BFB7BF /* KlavarTutorials */ = {
			isa = PBXGroup;
			children = (
				C3438F781EA3A93000BFB7BF /* AppDelegate.h */,
				C3438F791EA3A93000BFB7BF /* AppDelegate.m */,
				C3438F7B1EA3A93000BFB7BF /* ViewController.h */,
				C3438F7C1EA3A93000BFB7BF /* ViewController.m */,
				C3438F7E1EA3A93000BFB7BF /* Main.storyboard */,
				C3438F811EA3A93000BFB7BF /* Assets.xcassets */,
				C3438F831EA3A93000BFB7BF /* LaunchScreen.storyboard */,
				C3438F861EA3A93000BFB7BF /* Info.plist */,
				C3438F751EA3A93000BFB7BF /* Supporting Files */,
			);
			path = KlavarTutorials;
			sourceTree = "<group>";
		};
		C3438F751EA3A93000BFB7BF /* Supporting Files */ = {
			isa = PBXGroup;
			children = (
				C3438F761EA3A93000BFB7BF /* main.m */,
			);
			name = "Supporting Files";
			sourceTree = "<group>";
		};
/* End PBXGroup section */

/* Begin PBXNativeTarget section */
		C3438F711EA3A93000BFB7BF /* KlavarTutorials */ = {
			isa = PBXNativeTarget;
			buildConfigurationList = C3438F891EA3A93000BFB7BF /* Build configuration list for PBXNativeTarget "KlavarTutorials" */;
			buildPhases = (
				C3438F6E1EA3A93000BFB7BF /* Sources */,
				C3438F6F1EA3A93000BFB7BF /* Frameworks */,
				C3438F701EA3A93000BFB7BF /* Resources */,
			);
			buildRules = (
			);
			dependencies = (
			);
			name = KlavarTutorials;
			productName = KlavarTutorials;
			productReference = C3438F721EA3A93000BFB7BF /* KlavarTutorials.app */;
			productType = "com.apple.product-type.application";
		};
/* End PBXNativeTarget section */

/* Begin PBXProject section */
		C3438F6A1EA3A93000BFB7BF /* Project object */ = {
			isa = PBXProject;
			attributes = {
				LastUpgradeCheck = 0830;
				ORGANIZATIONNAME = "Tony Merritt";
				TargetAttributes = {
					C3438F711EA3A93000BFB7BF = {
						CreatedOnToolsVersion = 8.3.1;
						DevelopmentTeam = F8JH7WQ74F;
						ProvisioningStyle = Automatic;
					};
				};
			};
			buildConfigurationList = C3438F6D1EA3A93000BFB7BF /* Build configuration list for PBXProject "KlavarTutorials" */;
			compatibilityVersion = "Xcode 3.2";
			developmentRegion = English;
			hasScannedForEncodings = 0;
			knownRegions = (
				en,
				Base,
			);
			mainGroup = C3438F691EA3A93000BFB7BF;
			productRefGroup = C3438F731EA3A93000BFB7BF /* Products */;
			projectDirPath = "";
			projectRoot = "";
			targets = (
				C3438F711EA3A93000BFB7BF /* KlavarTutorials */,
			);
		};
/* End PBXProject section */

/* Begin PBXResourcesBuildPhase section */
		C3438F701EA3A93000BFB7BF /* Resources */ = {
			isa = PBXResourcesBuildPhase;
			buildActionMask = 2147483647;
			files = (
				C3438F851EA3A93000BFB7BF /* LaunchScreen.storyboard in Resources */,
				C3438F821EA3A93000BFB7BF /* Assets.xcassets in Resources */,
				C3438F801EA3A93000BFB7BF /* Main.storyboard in Resources */,
			);
			runOnlyForDeploymentPostprocessing = 0;
		};
/* End PBXResourcesBuildPhase section */

/* Begin PBXSourcesBuildPhase section */
		C3438F6E1EA3A93000BFB7BF /* Sources */ = {
			isa = PBXSourcesBuildPhase;
			buildActionMask = 2147483647;
			files = (
				C3438F7D1EA3A93000BFB7BF /* ViewController.m in Sources */,
				C3438F7A1EA3A93000BFB7BF /* AppDelegate.m in Sources */,
				C3438F771EA3A93000BFB7BF /* main.m in Sources */,
			);
			runOnlyForDeploymentPostprocessing = 0;
		};
/* End PBXSourcesBuildPhase section */

/* Begin PBXVariantGroup section */
		C3438F7E1EA3A93000BFB7BF /* Main.storyboard */ = {
			isa = PBXVariantGroup;
			children = (
				C3438F7F1EA3A93000BFB7BF /* Base */,
			);
			name = Main.storyboard;
			sourceTree = "<group>";
		};
		C3438F831EA3A93000BFB7BF /* LaunchScreen.storyboard */ = {
			isa = PBXVariantGroup;
			children = (
				C3438F841EA3A93000BFB7BF /* Base */,
			);
			name = LaunchScreen.storyboard;
			sourceTree = "<group>";
		};
/* End PBXVariantGroup section */

/* Begin XCBuildConfiguration section */
		C3438F871EA3A93000BFB7BF /* Debug */ = {
			isa = XCBuildConfiguration;
			buildSettings = {
				ALWAYS_SEARCH_USER_PATHS = NO;
				CLANG_ANALYZER_NONNULL = YES;
				CLANG_ANALYZER_NUMBER_OBJECT_CONVERSION = YES_AGGRESSIVE;
				CLANG_CXX_LANGUAGE_STANDARD = "gnu++0x";
				CLANG_CXX_LIBRARY = "libc++";
				CLANG_ENABLE_MODULES = YES;
				CLANG_ENABLE_OBJC_ARC = YES;
				CLANG_WARN_BOOL_CONVERSION = YES;
				CLANG_WARN_CONSTANT_CONVERSION = YES;
				CLANG_WARN_DIRECT_OBJC_ISA_USAGE = YES_ERROR;
				CLANG_WARN_DOCUMENTATION_COMMENTS = YES;
				CLANG_WARN_EMPTY_BODY = YES;
				CLANG_WARN_ENUM_CONVERSION = YES;
				CLANG_WARN_INFINITE_RECURSION = YES;
				CLANG_WARN_INT_CONVERSION = YES;
				CLANG_WARN_OBJC_ROOT_CLASS = YES_ERROR;
				CLANG_WARN_SUSPICIOUS_MOVE = YES;
				CLANG_WARN_UNREACHABLE_CODE = YES;
				CLANG_WARN__DUPLICATE_METHOD_MATCH = YES;
				"CODE_SIGN_IDENTITY[sdk=iphoneos*]" = "iPhone Developer";
				COPY_PHASE_STRIP = NO;
				DEBUG_INFORMATION_FORMAT = dwarf;
				ENABLE_STRICT_OBJC_MSGSEND = YES;
				ENABLE_TESTABILITY = YES;
				GCC_C_LANGUAGE_STANDARD = gnu99;
				GCC_DYNAMIC_NO_PIC = NO;
				GCC_NO_COMMON_BLOCKS = YES;
				GCC_OPTIMIZATION_LEVEL = 0;
				GCC_PREPROCESSOR_DEFINITIONS = (
					"DEBUG=1",
					"$(inherited)",
				);
				GCC_WARN_64_TO_32_BIT_CONVERSION = YES;
				GCC_WARN_ABOUT_RETURN_TYPE = YES_ERROR;
				GCC_WARN_UNDECLARED_SELECTOR = YES;
				GCC_WARN_UNINITIALIZED_AUTOS = YES_AGGRESSIVE;
				GCC_WARN_UNUSED_FUNCTION = YES;
				GCC_WARN_UNUSED_VARIABLE = YES;
				IPHONEOS_DEPLOYMENT_TARGET = 10.3;
				MTL_ENABLE_DEBUG_INFO = YES;
				ONLY_ACTIVE_ARCH = YES;
				SDKROOT = iphoneos;
				TARGETED_DEVICE_FAMILY = "1,2";
			};
			name = Debug;
		};
		C3438F881EA3A93000BFB7BF /* Release */ = {
			isa = XCBuildConfiguration;
			buildSettings = {
				ALWAYS_SEARCH_USER_PATHS = NO;
				CLANG_ANALYZER_NONNULL = YES;
				CLANG_ANALYZER_NUMBER_OBJECT_CONVERSION = YES_AGGRESSIVE;
				CLANG_CXX_LANGUAGE_STANDARD = "gnu++0x";
				CLANG_CXX_LIBRARY = "libc++";
				CLANG_ENABLE_MODULES = YES;
				CLANG_ENABLE_OBJC_ARC = YES;
				CLANG_WARN_BOOL_CONVERSION = YES;
				CLANG_WARN_CONSTANT_CONVERSION = YES;
				CLANG_WARN_DIRECT_OBJC_ISA_USAGE = YES_ERROR;
				CLANG_WARN_DOCUMENTATION_COMMENTS = YES;
				CLANG_WARN_EMPTY_BODY = YES;
				CLANG_WARN_ENUM_CONVERSION = YES;
				CLANG_WARN_INFINITE_RECURSION = YES;
				CLANG_WARN_INT_CONVERSION = YES;
				CLANG_WARN_OBJC_ROOT_CLASS = YES_ERROR;
				CLANG_WARN_SUSPICIOUS_MOVE = YES;
				CLANG_WARN_UNREACHABLE_CODE = YES;
				CLANG_WARN__DUPLICATE_METHOD_MATCH = YES;
				"CODE_SIGN_IDENTITY[sdk=iphoneos*]" = "iPhone Developer";
				COPY_PHASE_STRIP = NO;
				DEBUG_INFORMATION_FORMAT = "dwarf-with-dsym";
				ENABLE_NS_ASSERTIONS = NO;
				ENABLE_STRICT_OBJC_MSGSEND = YES;
				GCC_C_LANGUAGE_STANDARD = gnu99;
				GCC_NO_COMMON_BLOCKS = YES;
				GCC_WARN_64_TO_32_BIT_CONVERSION = YES;
				GCC_WARN_ABOUT_RETURN_TYPE = YES_ERROR;
				GCC_WARN_UNDECLARED_SELECTOR = YES;
				GCC_WARN_UNINITIALIZED_AUTOS = YES_AGGRESSIVE;
				GCC_WARN_UNUSED_FUNCTION = YES;
				GCC_WARN_UNUSED_VARIABLE = YES;
				IPHONEOS_DEPLOYMENT_TARGET = 10.3;
				MTL_ENABLE_DEBUG_INFO = NO;
				SDKROOT = iphoneos;
				TARGETED_DEVICE_FAMILY = "1,2";
				VALIDATE_PRODUCT = YES;
			};
			name = Release;
		};
		C3438F8A1EA3A93000BFB7BF /* Debug */ = {
			isa = XCBuildConfiguration;
			buildSettings = {
				ASSETCATALOG_COMPILER_APPICON_NAME = AppIcon;
				DEVELOPMENT_TEAM = F8JH7WQ74F;
				INFOPLIST_FILE = KlavarTutorials/Info.plist;
				LD_RUNPATH_SEARCH_PATHS = "$(inherited) @executable_path/Frameworks";
				PRODUCT_BUNDLE_IDENTIFIER = com.TonyMerritt.KlavarTutorials;
				PRODUCT_NAME = "$(TARGET_NAME)";
			};
			name = Debug;
		};
		C3438F8B1EA3A93000BFB7BF /* Release */ = {
			isa = XCBuildConfiguration;
			buildSettings = {
				ASSETCATALOG_COMPILER_APPICON_NAME = AppIcon;
				DEVELOPMENT_TEAM = F8JH7WQ74F;
				INFOPLIST_FILE = KlavarTutorials/Info.plist;
				LD_RUNPATH_SEARCH_PATHS = "$(inherited) @executable_path/Frameworks";
				PRODUCT_BUNDLE_IDENTIFIER = com.TonyMerritt.KlavarTutorials;
				PRODUCT_NAME = "$(TARGET_NAME)";
			};
			name = Release;
		};
/* End XCBuildConfiguration section */

/* Begin XCConfigurationList section */
		C3438F6D1EA3A93000BFB7BF /* Build configuration list for PBXProject "KlavarTutorials" */ = {
			isa = XCConfigurationList;
			buildConfigurations = (
				C3438F871EA3A93000BFB7BF /* Debug */,
				C3438F881EA3A93000BFB7BF /* Release */,
			);
			defaultConfigurationIsVisible = 0;
			defaultConfigurationName = Release;
		};
		C3438F891EA3A93000BFB7BF /* Build configuration list for PBXNativeTarget "KlavarTutorials" */ = {
			isa = XCConfigurationList;
			buildConfigurations = (
				C3438F8A1EA3A93000BFB7BF /* Debug */,
				C3438F8B1EA3A93000BFB7BF /* Release */,
			);
			defaultConfigurationIsVisible = 0;
		};
/* End XCConfigurationList section */
	};
	rootObject = C3438F6A1EA3A93000BFB7BF /* Project object */;
}
